
Microsoft Visual Studio Solution File, Format Version 12.00
# Visual Studio 15
VisualStudioVersion = 15.0.28307.489
MinimumVisualStudioVersion = 10.0.40219.1
Project("{9A19103F-16F7-4668-BE54-9A1E7A4F7556}") = "JobObjectSharp", "JobObjectSharp\JobObjectSharp.csproj", "{58FD829B-CDFD-415A-9EE4-0021C018CED8}"
EndProject
Project("{FAE04EC0-301F-11D3-BF4B-00C04F79EFBC}") = "JobObjectSharp.Sample", "JobObjectSharp.Sample\JobObjectSharp.Sample.csproj", "{1217CCC4-661E-41DB-9C1F-59B789BD74B7}"
EndProject
Global
	GlobalSection(SolutionConfigurationPlatforms) = preSolution
		Debug|Any CPU = Debug|Any CPU
		Release|Any CPU = Release|Any CPU
	EndGlobalSection
	GlobalSection(ProjectConfigurationPlatforms) = postSolution
		{58FD829B-CDFD-415A-9EE4-0021C018CED8}.Debug|Any CPU.ActiveCfg = Debug|Any CPU
		{58FD829B-CDFD-415A-9EE4-0021C018CED8}.Debug|Any CPU.Build.0 = Debug|Any CPU
		{58FD829B-CDFD-415A-9EE4-0021C018CED8}.Release|Any CPU.ActiveCfg = Release|Any CPU
		{58FD829B-CDFD-415A-9EE4-0021C018CED8}.Release|Any CPU.Build.0 = Release|Any CPU
		{1217CCC4-661E-41DB-9C1F-59B789BD74B7}.Debug|Any CPU.ActiveCfg = Debug|Any CPU
		{1217CCC4-661E-41DB-9C1F-59B789BD74B7}.Debug|Any CPU.Build.0 = Debug|Any CPU
		{1217CCC4-661E-41DB-9C1F-59B789BD74B7}.Release|Any CPU.ActiveCfg = Release|Any CPU
		{1217CCC4-661E-41DB-9C1F-59B789BD74B7}.Release|Any CPU.Build.0 = Release|Any CPU
	EndGlobalSection
	GlobalSection(SolutionProperties) = preSolution
		HideSolutionNode = FALSE
	EndGlobalSection
	GlobalSection(ExtensibilityGlobals) = postSolution
		SolutionGuid = {4BF94932-660E-4D74-96D3-9705364942CF}
	EndGlobalSection
EndGlobal
